
Microsoft Visual Studio Solution File, Format Version 12.00
# Visual Studio 15
VisualStudioVersion = 15.0.27130.2024
MinimumVisualStudioVersion = 10.0.40219.1
Project("{FAE04EC0-301F-11D3-BF4B-00C04F79EFBC}") = "AppCenterSample.Android", "AppCenterSample\AppCenterSample.Android\AppCenterSample.Android.csproj", "{C8B594E6-DA65-4AED-845A-F17203727407}"
EndProject
Project("{FAE04EC0-301F-11D3-BF4B-00C04F79EFBC}") = "AppCenterSample.iOS", "AppCenterSample\AppCenterSample.iOS\AppCenterSample.iOS.csproj", "{27DA439D-BF7F-4312-A003-408FA07025F0}"
EndProject
Project("{FAE04EC0-301F-11D3-BF4B-00C04F79EFBC}") = "AppCenterSample.UWP", "AppCenterSample\AppCenterSample.UWP\AppCenterSample.UWP.csproj", "{7C217FEE-7DCE-4D07-8B12-7D9D6E0C5B96}"
EndProject
Project("{FAE04EC0-301F-11D3-BF4B-00C04F79EFBC}") = "AppCenterSample", "AppCenterSample\AppCenterSample\AppCenterSample.csproj", "{339F4F12-5AE4-4C4B-932C-74BA1D4C47C3}"
EndProject
Global
	GlobalSection(SolutionConfigurationPlatforms) = preSolution
		Ad-Hoc|Any CPU = Ad-Hoc|Any CPU
		Ad-Hoc|ARM = Ad-Hoc|ARM
		Ad-Hoc|iPhone = Ad-Hoc|iPhone
		Ad-Hoc|iPhoneSimulator = Ad-Hoc|iPhoneSimulator
		Ad-Hoc|x64 = Ad-Hoc|x64
		Ad-Hoc|x86 = Ad-Hoc|x86
		AppStore|Any CPU = AppStore|Any CPU
		AppStore|ARM = AppStore|ARM
		AppStore|iPhone = AppStore|iPhone
		AppStore|iPhoneSimulator = AppStore|iPhoneSimulator
		AppStore|x64 = AppStore|x64
		AppStore|x86 = AppStore|x86
		Debug|Any CPU = Debug|Any CPU
		Debug|ARM = Debug|ARM
		Debug|iPhone = Debug|iPhone
		Debug|iPhoneSimulator = Debug|iPhoneSimulator
		Debug|x64 = Debug|x64
		Debug|x86 = Debug|x86
		Release|Any CPU = Release|Any CPU
		Release|ARM = Release|ARM
		Release|iPhone = Release|iPhone
		Release|iPhoneSimulator = Release|iPhoneSimulator
		Release|x64 = Release|x64
		Release|x86 = Release|x86
	EndGlobalSection
	GlobalSection(ProjectConfigurationPlatforms) = postSolution
		{C8B594E6-DA65-4AED-845A-F17203727407}.Ad-Hoc|Any CPU.ActiveCfg = Release|Any CPU
		{C8B594E6-DA65-4AED-845A-F17203727407}.Ad-Hoc|Any CPU.Build.0 = Release|Any CPU
		{C8B594E6-DA65-4AED-845A-F17203727407}.Ad-Hoc|Any CPU.Deploy.0 = Release|Any CPU
		{C8B594E6-DA65-4AED-845A-F17203727407}.Ad-Hoc|ARM.ActiveCfg = Release|Any CPU
		{C8B594E6-DA65-4AED-845A-F17203727407}.Ad-Hoc|ARM.Build.0 = Release|Any CPU
		{C8B594E6-DA65-4AED-845A-F17203727407}.Ad-Hoc|ARM.Deploy.0 = Release|Any CPU
		{C8B594E6-DA65-4AED-845A-F17203727407}.Ad-Hoc|iPhone.ActiveCfg = Release|Any CPU
		{C8B594E6-DA65-4AED-845A-F17203727407}.Ad-Hoc|iPhone.Build.0 = Release|Any CPU
		{C8B594E6-DA65-4AED-845A-F17203727407}.Ad-Hoc|iPhone.Deploy.0 = Release|Any CPU
		{C8B594E6-DA65-4AED-845A-F17203727407}.Ad-Hoc|iPhoneSimulator.ActiveCfg = Release|Any CPU
		{C8B594E6-DA65-4AED-845A-F17203727407}.Ad-Hoc|iPhoneSimulator.Build.0 = Release|Any CPU
		{C8B594E6-DA65-4AED-845A-F17203727407}.Ad-Hoc|iPhoneSimulator.Deploy.0 = Release|Any CPU
		{C8B594E6-DA65-4AED-845A-F17203727407}.Ad-Hoc|x64.ActiveCfg = Release|Any CPU
		{C8B594E6-DA65-4AED-845A-F17203727407}.Ad-Hoc|x64.Build.0 = Release|Any CPU
		{C8B594E6-DA65-4AED-845A-F17203727407}.Ad-Hoc|x64.Deploy.0 = Release|Any CPU
		{C8B594E6-DA65-4AED-845A-F17203727407}.Ad-Hoc|x86.ActiveCfg = Release|Any CPU
		{C8B594E6-DA65-4AED-845A-F17203727407}.Ad-Hoc|x86.Build.0 = Release|Any CPU
		{C8B594E6-DA65-4AED-845A-F17203727407}.Ad-Hoc|x86.Deploy.0 = Release|Any CPU
		{C8B594E6-DA65-4AED-845A-F17203727407}.AppStore|Any CPU.ActiveCfg = Release|Any CPU
		{C8B594E6-DA65-4AED-845A-F17203727407}.AppStore|Any CPU.Build.0 = Release|Any CPU
		{C8B594E6-DA65-4AED-845A-F17203727407}.AppStore|Any CPU.Deploy.0 = Release|Any CPU
		{C8B594E6-DA65-4AED-845A-F17203727407}.AppStore|ARM.ActiveCfg = Release|Any CPU
		{C8B594E6-DA65-4AED-845A-F17203727407}.AppStore|ARM.Build.0 = Release|Any CPU
		{C8B594E6-DA65-4AED-845A-F17203727407}.AppStore|ARM.Deploy.0 = Release|Any CPU
		{C8B594E6-DA65-4AED-845A-F17203727407}.AppStore|iPhone.ActiveCfg = Release|Any CPU
		{C8B594E6-DA65-4AED-845A-F17203727407}.AppStore|iPhone.Build.0 = Release|Any CPU
		{C8B594E6-DA65-4AED-845A-F17203727407}.AppStore|iPhone.Deploy.0 = Release|Any CPU
		{C8B594E6-DA65-4AED-845A-F17203727407}.AppStore|iPhoneSimulator.ActiveCfg = Release|Any CPU
		{C8B594E6-DA65-4AED-845A-F17203727407}.AppStore|iPhoneSimulator.Build.0 = Release|Any CPU
		{C8B594E6-DA65-4AED-845A-F17203727407}.AppStore|iPhoneSimulator.Deploy.0 = Release|Any CPU
		{C8B594E6-DA65-4AED-845A-F17203727407}.AppStore|x64.ActiveCfg = Release|Any CPU
		{C8B594E6-DA65-4AED-845A-F17203727407}.AppStore|x64.Build.0 = Release|Any CPU
		{C8B594E6-DA65-4AED-845A-F17203727407}.AppStore|x64.Deploy.0 = Release|Any CPU
		{C8B594E6-DA65-4AED-845A-F17203727407}.AppStore|x86.ActiveCfg = Release|Any CPU
		{C8B594E6-DA65-4AED-845A-F17203727407}.AppStore|x86.Build.0 = Release|Any CPU
		{C8B594E6-DA65-4AED-845A-F17203727407}.AppStore|x86.Deploy.0 = Release|Any CPU
		{C8B594E6-DA65-4AED-845A-F17203727407}.Debug|Any CPU.ActiveCfg = Debug|Any CPU
		{C8B594E6-DA65-4AED-845A-F17203727407}.Debug|Any CPU.Build.0 = Debug|Any CPU
		{C8B594E6-DA65-4AED-845A-F17203727407}.Debug|Any CPU.Deploy.0 = Debug|Any CPU
		{C8B594E6-DA65-4AED-845A-F17203727407}.Debug|ARM.ActiveCfg = Debug|Any CPU
		{C8B594E6-DA65-4AED-845A-F17203727407}.Debug|ARM.Build.0 = Debug|Any CPU
		{C8B594E6-DA65-4AED-845A-F17203727407}.Debug|ARM.Deploy.0 = Debug|Any CPU
		{C8B594E6-DA65-4AED-845A-F17203727407}.Debug|iPhone.ActiveCfg = Debug|Any CPU
		{C8B594E6-DA65-4AED-845A-F17203727407}.Debug|iPhone.Build.0 = Debug|Any CPU
		{C8B594E6-DA65-4AED-845A-F17203727407}.Debug|iPhone.Deploy.0 = Debug|Any CPU
		{C8B594E6-DA65-4AED-845A-F17203727407}.Debug|iPhoneSimulator.ActiveCfg = Debug|Any CPU
		{C8B594E6-DA65-4AED-845A-F17203727407}.Debug|iPhoneSimulator.Build.0 = Debug|Any CPU
		{C8B594E6-DA65-4AED-845A-F17203727407}.Debug|iPhoneSimulator.Deploy.0 = Debug|Any CPU
		{C8B594E6-DA65-4AED-845A-F17203727407}.Debug|x64.ActiveCfg = Debug|Any CPU
		{C8B594E6-DA65-4AED-845A-F17203727407}.Debug|x64.Build.0 = Debug|Any CPU
		{C8B594E6-DA65-4AED-845A-F17203727407}.Debug|x64.Deploy.0 = Debug|Any CPU
		{C8B594E6-DA65-4AED-845A-F17203727407}.Debug|x86.ActiveCfg = Debug|Any CPU
		{C8B594E6-DA65-4AED-845A-F17203727407}.Debug|x86.Build.0 = Debug|Any CPU
		{C8B594E6-DA65-4AED-845A-F17203727407}.Debug|x86.Deploy.0 = Debug|Any CPU
		{C8B594E6-DA65-4AED-845A-F17203727407}.Release|Any CPU.ActiveCfg = Release|Any CPU
		{C8B594E6-DA65-4AED-845A-F17203727407}.Release|Any CPU.Build.0 = Release|Any CPU
		{C8B594E6-DA65-4AED-845A-F17203727407}.Release|Any CPU.Deploy.0 = Release|Any CPU
		{C8B594E6-DA65-4AED-845A-F17203727407}.Release|ARM.ActiveCfg = Release|Any CPU
		{C8B594E6-DA65-4AED-845A-F17203727407}.Release|ARM.Build.0 = Release|Any CPU
		{C8B594E6-DA65-4AED-845A-F17203727407}.Release|ARM.Deploy.0 = Release|Any CPU
		{C8B594E6-DA65-4AED-845A-F17203727407}.Release|iPhone.ActiveCfg = Release|Any CPU
		{C8B594E6-DA65-4AED-845A-F17203727407}.Release|iPhone.Build.0 = Release|Any CPU
		{C8B594E6-DA65-4AED-845A-F17203727407}.Release|iPhone.Deploy.0 = Release|Any CPU
		{C8B594E6-DA65-4AED-845A-F17203727407}.Release|iPhoneSimulator.ActiveCfg = Release|Any CPU
		{C8B594E6-DA65-4AED-845A-F17203727407}.Release|iPhoneSimulator.Build.0 = Release|Any CPU
		{C8B594E6-DA65-4AED-845A-F17203727407}.Release|iPhoneSimulator.Deploy.0 = Release|Any CPU
		{C8B594E6-DA65-4AED-845A-F17203727407}.Release|x64.ActiveCfg = Release|Any CPU
		{C8B594E6-DA65-4AED-845A-F17203727407}.Release|x64.Build.0 = Release|Any CPU
		{C8B594E6-DA65-4AED-845A-F17203727407}.Release|x64.Deploy.0 = Release|Any CPU
		{C8B594E6-DA65-4AED-845A-F17203727407}.Release|x86.ActiveCfg = Release|Any CPU
		{C8B594E6-DA65-4AED-845A-F17203727407}.Release|x86.Build.0 = Release|Any CPU
		{C8B594E6-DA65-4AED-845A-F17203727407}.Release|x86.Deploy.0 = Release|Any CPU
		{27DA439D-BF7F-4312-A003-408FA07025F0}.Ad-Hoc|Any CPU.ActiveCfg = Ad-Hoc|iPhone
		{27DA439D-BF7F-4312-A003-408FA07025F0}.Ad-Hoc|ARM.ActiveCfg = Ad-Hoc|iPhone
		{27DA439D-BF7F-4312-A003-408FA07025F0}.Ad-Hoc|iPhone.ActiveCfg = Ad-Hoc|iPhone
		{27DA439D-BF7F-4312-A003-408FA07025F0}.Ad-Hoc|iPhone.Build.0 = Ad-Hoc|iPhone
		{27DA439D-BF7F-4312-A003-408FA07025F0}.Ad-Hoc|iPhoneSimulator.ActiveCfg = Ad-Hoc|iPhoneSimulator
		{27DA439D-BF7F-4312-A003-408FA07025F0}.Ad-Hoc|iPhoneSimulator.Build.0 = Ad-Hoc|iPhoneSimulator
		{27DA439D-BF7F-4312-A003-408FA07025F0}.Ad-Hoc|x64.ActiveCfg = Ad-Hoc|iPhone
		{27DA439D-BF7F-4312-A003-408FA07025F0}.Ad-Hoc|x86.ActiveCfg = Ad-Hoc|iPhone
		{27DA439D-BF7F-4312-A003-408FA07025F0}.AppStore|Any CPU.ActiveCfg = AppStore|iPhone
		{27DA439D-BF7F-4312-A003-408FA07025F0}.AppStore|ARM.ActiveCfg = AppStore|iPhone
		{27DA439D-BF7F-4312-A003-408FA07025F0}.AppStore|iPhone.ActiveCfg = AppStore|iPhone
		{27DA439D-BF7F-4312-A003-408FA07025F0}.AppStore|iPhone.Build.0 = AppStore|iPhone
		{27DA439D-BF7F-4312-A003-408FA07025F0}.AppStore|iPhoneSimulator.ActiveCfg = AppStore|iPhoneSimulator
		{27DA439D-BF7F-4312-A003-408FA07025F0}.AppStore|iPhoneSimulator.Build.0 = AppStore|iPhoneSimulator
		{27DA439D-BF7F-4312-A003-408FA07025F0}.AppStore|x64.ActiveCfg = AppStore|iPhone
		{27DA439D-BF7F-4312-A003-408FA07025F0}.AppStore|x86.ActiveCfg = AppStore|iPhone
		{27DA439D-BF7F-4312-A003-408FA07025F0}.Debug|Any CPU.ActiveCfg = Debug|iPhone
		{27DA439D-BF7F-4312-A003-408FA07025F0}.Debug|ARM.ActiveCfg = Debug|iPhone
		{27DA439D-BF7F-4312-A003-408FA07025F0}.Debug|iPhone.ActiveCfg = Debug|iPhone
		{27DA439D-BF7F-4312-A003-408FA07025F0}.Debug|iPhone.Build.0 = Debug|iPhone
		{27DA439D-BF7F-4312-A003-408FA07025F0}.Debug|iPhoneSimulator.ActiveCfg = Debug|iPhoneSimulator
		{27DA439D-BF7F-4312-A003-408FA07025F0}.Debug|iPhoneSimulator.Build.0 = Debug|iPhoneSimulator
		{27DA439D-BF7F-4312-A003-408FA07025F0}.Debug|x64.ActiveCfg = Debug|iPhone
		{27DA439D-BF7F-4312-A003-408FA07025F0}.Debug|x86.ActiveCfg = Debug|iPhone
		{27DA439D-BF7F-4312-A003-408FA07025F0}.Release|Any CPU.ActiveCfg = Release|iPhone
		{27DA439D-BF7F-4312-A003-408FA07025F0}.Release|ARM.ActiveCfg = Release|iPhone
		{27DA439D-BF7F-4312-A003-408FA07025F0}.Release|iPhone.ActiveCfg = Release|iPhone
		{27DA439D-BF7F-4312-A003-408FA07025F0}.Release|iPhone.Build.0 = Release|iPhone
		{27DA439D-BF7F-4312-A003-408FA07025F0}.Release|iPhoneSimulator.ActiveCfg = Release|iPhoneSimulator
		{27DA439D-BF7F-4312-A003-408FA07025F0}.Release|iPhoneSimulator.Build.0 = Release|iPhoneSimulator
		{27DA439D-BF7F-4312-A003-408FA07025F0}.Release|x64.ActiveCfg = Release|iPhone
		{27DA439D-BF7F-4312-A003-408FA07025F0}.Release|x86.ActiveCfg = Release|iPhone
		{7C217FEE-7DCE-4D07-8B12-7D9D6E0C5B96}.Ad-Hoc|Any CPU.ActiveCfg = Release|x86
		{7C217FEE-7DCE-4D07-8B12-7D9D6E0C5B96}.Ad-Hoc|Any CPU.Build.0 = Release|x86
		{7C217FEE-7DCE-4D07-8B12-7D9D6E0C5B96}.Ad-Hoc|Any CPU.Deploy.0 = Release|x86
		{7C217FEE-7DCE-4D07-8B12-7D9D6E0C5B96}.Ad-Hoc|ARM.ActiveCfg = Release|ARM
		{7C217FEE-7DCE-4D07-8B12-7D9D6E0C5B96}.Ad-Hoc|ARM.Build.0 = Release|ARM
		{7C217FEE-7DCE-4D07-8B12-7D9D6E0C5B96}.Ad-Hoc|ARM.Deploy.0 = Release|ARM
		{7C217FEE-7DCE-4D07-8B12-7D9D6E0C5B96}.Ad-Hoc|iPhone.ActiveCfg = Release|x86
		{7C217FEE-7DCE-4D07-8B12-7D9D6E0C5B96}.Ad-Hoc|iPhone.Build.0 = Release|x86
		{7C217FEE-7DCE-4D07-8B12-7D9D6E0C5B96}.Ad-Hoc|iPhone.Deploy.0 = Release|x86
		{7C217FEE-7DCE-4D07-8B12-7D9D6E0C5B96}.Ad-Hoc|iPhoneSimulator.ActiveCfg = Release|x86
		{7C217FEE-7DCE-4D07-8B12-7D9D6E0C5B96}.Ad-Hoc|iPhoneSimulator.Build.0 = Release|x86
		{7C217FEE-7DCE-4D07-8B12-7D9D6E0C5B96}.Ad-Hoc|iPhoneSimulator.Deploy.0 = Release|x86
		{7C217FEE-7DCE-4D07-8B12-7D9D6E0C5B96}.Ad-Hoc|x64.ActiveCfg = Release|x64
		{7C217FEE-7DCE-4D07-8B12-7D9D6E0C5B96}.Ad-Hoc|x64.Build.0 = Release|x64
		{7C217FEE-7DCE-4D07-8B12-7D9D6E0C5B96}.Ad-Hoc|x64.Deploy.0 = Release|x64
		{7C217FEE-7DCE-4D07-8B12-7D9D6E0C5B96}.Ad-Hoc|x86.ActiveCfg = Release|x86
		{7C217FEE-7DCE-4D07-8B12-7D9D6E0C5B96}.Ad-Hoc|x86.Build.0 = Release|x86
		{7C217FEE-7DCE-4D07-8B12-7D9D6E0C5B96}.Ad-Hoc|x86.Deploy.0 = Release|x86
		{7C217FEE-7DCE-4D07-8B12-7D9D6E0C5B96}.AppStore|Any CPU.ActiveCfg = Release|x86
		{7C217FEE-7DCE-4D07-8B12-7D9D6E0C5B96}.AppStore|Any CPU.Build.0 = Release|x86
		{7C217FEE-7DCE-4D07-8B12-7D9D6E0C5B96}.AppStore|Any CPU.Deploy.0 = Release|x86
		{7C217FEE-7DCE-4D07-8B12-7D9D6E0C5B96}.AppStore|ARM.ActiveCfg = Release|ARM
		{7C217FEE-7DCE-4D07-8B12-7D9D6E0C5B96}.AppStore|ARM.Build.0 = Release|ARM
		{7C217FEE-7DCE-4D07-8B12-7D9D6E0C5B96}.AppStore|ARM.Deploy.0 = Release|ARM
		{7C217FEE-7DCE-4D07-8B12-7D9D6E0C5B96}.AppStore|iPhone.ActiveCfg = Release|x86
		{7C217FEE-7DCE-4D07-8B12-7D9D6E0C5B96}.AppStore|iPhone.Build.0 = Release|x86
		{7C217FEE-7DCE-4D07-8B12-7D9D6E0C5B96}.AppStore|iPhone.Deploy.0 = Release|x86
		{7C217FEE-7DCE-4D07-8B12-7D9D6E0C5B96}.AppStore|iPhoneSimulator.ActiveCfg = Release|x86
		{7C217FEE-7DCE-4D07-8B12-7D9D6E0C5B96}.AppStore|iPhoneSimulator.Build.0 = Release|x86
		{7C217FEE-7DCE-4D07-8B12-7D9D6E0C5B96}.AppStore|iPhoneSimulator.Deploy.0 = Release|x86
		{7C217FEE-7DCE-4D07-8B12-7D9D6E0C5B96}.AppStore|x64.ActiveCfg = Release|x64
		{7C217FEE-7DCE-4D07-8B12-7D9D6E0C5B96}.AppStore|x64.Build.0 = Release|x64
		{7C217FEE-7DCE-4D07-8B12-7D9D6E0C5B96}.AppStore|x64.Deploy.0 = Release|x64
		{7C217FEE-7DCE-4D07-8B12-7D9D6E0C5B96}.AppStore|x86.ActiveCfg = Release|x86
		{7C217FEE-7DCE-4D07-8B12-7D9D6E0C5B96}.AppStore|x86.Build.0 = Release|x86
		{7C217FEE-7DCE-4D07-8B12-7D9D6E0C5B96}.AppStore|x86.Deploy.0 = Release|x86
		{7C217FEE-7DCE-4D07-8B12-7D9D6E0C5B96}.Debug|Any CPU.ActiveCfg = Debug|x86
		{7C217FEE-7DCE-4D07-8B12-7D9D6E0C5B96}.Debug|ARM.ActiveCfg = Debug|ARM
		{7C217FEE-7DCE-4D07-8B12-7D9D6E0C5B96}.Debug|ARM.Build.0 = Debug|ARM
		{7C217FEE-7DCE-4D07-8B12-7D9D6E0C5B96}.Debug|ARM.Deploy.0 = Debug|ARM
		{7C217FEE-7DCE-4D07-8B12-7D9D6E0C5B96}.Debug|iPhone.ActiveCfg = Debug|x86
		{7C217FEE-7DCE-4D07-8B12-7D9D6E0C5B96}.Debug|iPhoneSimulator.ActiveCfg = Debug|x86
		{7C217FEE-7DCE-4D07-8B12-7D9D6E0C5B96}.Debug|x64.ActiveCfg = Debug|x64
		{7C217FEE-7DCE-4D07-8B12-7D9D6E0C5B96}.Debug|x64.Build.0 = Debug|x64
		{7C217FEE-7DCE-4D07-8B12-7D9D6E0C5B96}.Debug|x64.Deploy.0 = Debug|x64
		{7C217FEE-7DCE-4D07-8B12-7D9D6E0C5B96}.Debug|x86.ActiveCfg = Debug|x86
		{7C217FEE-7DCE-4D07-8B12-7D9D6E0C5B96}.Debug|x86.Build.0 = Debug|x86
		{7C217FEE-7DCE-4D07-8B12-7D9D6E0C5B96}.Debug|x86.Deploy.0 = Debug|x86
		{7C217FEE-7DCE-4D07-8B12-7D9D6E0C5B96}.Release|Any CPU.ActiveCfg = Release|x86
		{7C217FEE-7DCE-4D07-8B12-7D9D6E0C5B96}.Release|ARM.ActiveCfg = Release|ARM
		{7C217FEE-7DCE-4D07-8B12-7D9D6E0C5B96}.Release|ARM.Build.0 = Release|ARM
		{7C217FEE-7DCE-4D07-8B12-7D9D6E0C5B96}.Release|ARM.Deploy.0 = Release|ARM
		{7C217FEE-7DCE-4D07-8B12-7D9D6E0C5B96}.Release|iPhone.ActiveCfg = Release|x86
		{7C217FEE-7DCE-4D07-8B12-7D9D6E0C5B96}.Release|iPhoneSimulator.ActiveCfg = Release|x86
		{7C217FEE-7DCE-4D07-8B12-7D9D6E0C5B96}.Release|x64.ActiveCfg = Release|x64
		{7C217FEE-7DCE-4D07-8B12-7D9D6E0C5B96}.Release|x64.Build.0 = Release|x64
		{7C217FEE-7DCE-4D07-8B12-7D9D6E0C5B96}.Release|x64.Deploy.0 = Release|x64
		{7C217FEE-7DCE-4D07-8B12-7D9D6E0C5B96}.Release|x86.ActiveCfg = Release|x86
		{7C217FEE-7DCE-4D07-8B12-7D9D6E0C5B96}.Release|x86.Build.0 = Release|x86
		{7C217FEE-7DCE-4D07-8B12-7D9D6E0C5B96}.Release|x86.Deploy.0 = Release|x86
		{339F4F12-5AE4-4C4B-932C-74BA1D4C47C3}.Ad-Hoc|Any CPU.ActiveCfg = Debug|Any CPU
		{339F4F12-5AE4-4C4B-932C-74BA1D4C47C3}.Ad-Hoc|Any CPU.Build.0 = Debug|Any CPU
		{339F4F12-5AE4-4C4B-932C-74BA1D4C47C3}.Ad-Hoc|ARM.ActiveCfg = Debug|Any CPU
		{339F4F12-5AE4-4C4B-932C-74BA1D4C47C3}.Ad-Hoc|ARM.Build.0 = Debug|Any CPU
		{339F4F12-5AE4-4C4B-932C-74BA1D4C47C3}.Ad-Hoc|iPhone.ActiveCfg = Debug|Any CPU
		{339F4F12-5AE4-4C4B-932C-74BA1D4C47C3}.Ad-Hoc|iPhone.Build.0 = Debug|Any CPU
		{339F4F12-5AE4-4C4B-932C-74BA1D4C47C3}.Ad-Hoc|iPhoneSimulator.ActiveCfg = Debug|Any CPU
		{339F4F12-5AE4-4C4B-932C-74BA1D4C47C3}.Ad-Hoc|iPhoneSimulator.Build.0 = Debug|Any CPU
		{339F4F12-5AE4-4C4B-932C-74BA1D4C47C3}.Ad-Hoc|x64.ActiveCfg = Debug|Any CPU
		{339F4F12-5AE4-4C4B-932C-74BA1D4C47C3}.Ad-Hoc|x64.Build.0 = Debug|Any CPU
		{339F4F12-5AE4-4C4B-932C-74BA1D4C47C3}.Ad-Hoc|x86.ActiveCfg = Debug|Any CPU
		{339F4F12-5AE4-4C4B-932C-74BA1D4C47C3}.Ad-Hoc|x86.Build.0 = Debug|Any CPU
		{339F4F12-5AE4-4C4B-932C-74BA1D4C47C3}.AppStore|Any CPU.ActiveCfg = Debug|Any CPU
		{339F4F12-5AE4-4C4B-932C-74BA1D4C47C3}.AppStore|Any CPU.Build.0 = Debug|Any CPU
		{339F4F12-5AE4-4C4B-932C-74BA1D4C47C3}.AppStore|ARM.ActiveCfg = Debug|Any CPU
		{339F4F12-5AE4-4C4B-932C-74BA1D4C47C3}.AppStore|ARM.Build.0 = Debug|Any CPU
		{339F4F12-5AE4-4C4B-932C-74BA1D4C47C3}.AppStore|iPhone.ActiveCfg = Debug|Any CPU
		{339F4F12-5AE4-4C4B-932C-74BA1D4C47C3}.AppStore|iPhone.Build.0 = Debug|Any CPU
		{339F4F12-5AE4-4C4B-932C-74BA1D4C47C3}.AppStore|iPhoneSimulator.ActiveCfg = Debug|Any CPU
		{339F4F12-5AE4-4C4B-932C-74BA1D4C47C3}.AppStore|iPhoneSimulator.Build.0 = Debug|Any CPU
		{339F4F12-5AE4-4C4B-932C-74BA1D4C47C3}.AppStore|x64.ActiveCfg = Debug|Any CPU
		{339F4F12-5AE4-4C4B-932C-74BA1D4C47C3}.AppStore|x64.Build.0 = Debug|Any CPU
		{339F4F12-5AE4-4C4B-932C-74BA1D4C47C3}.AppStore|x86.ActiveCfg = Debug|Any CPU
		{339F4F12-5AE4-4C4B-932C-74BA1D4C47C3}.AppStore|x86.Build.0 = Debug|Any CPU
		{339F4F12-5AE4-4C4B-932C-74BA1D4C47C3}.Debug|Any CPU.ActiveCfg = Debug|Any CPU
		{339F4F12-5AE4-4C4B-932C-74BA1D4C47C3}.Debug|Any CPU.Build.0 = Debug|Any CPU
		{339F4F12-5AE4-4C4B-932C-74BA1D4C47C3}.Debug|ARM.ActiveCfg = Debug|Any CPU
		{339F4F12-5AE4-4C4B-932C-74BA1D4C47C3}.Debug|ARM.Build.0 = Debug|Any CPU
		{339F4F12-5AE4-4C4B-932C-74BA1D4C47C3}.Debug|iPhone.ActiveCfg = Debug|Any CPU
		{339F4F12-5AE4-4C4B-932C-74BA1D4C47C3}.Debug|iPhone.Build.0 = Debug|Any CPU
		{339F4F12-5AE4-4C4B-932C-74BA1D4C47C3}.Debug|iPhoneSimulator.ActiveCfg = Debug|Any CPU
		{339F4F12-5AE4-4C4B-932C-74BA1D4C47C3}.Debug|iPhoneSimulator.Build.0 = Debug|Any CPU
		{339F4F12-5AE4-4C4B-932C-74BA1D4C47C3}.Debug|x64.ActiveCfg = Debug|Any CPU
		{339F4F12-5AE4-4C4B-932C-74BA1D4C47C3}.Debug|x64.Build.0 = Debug|Any CPU
		{339F4F12-5AE4-4C4B-932C-74BA1D4C47C3}.Debug|x86.ActiveCfg = Debug|Any CPU
		{339F4F12-5AE4-4C4B-932C-74BA1D4C47C3}.Debug|x86.Build.0 = Debug|Any CPU
		{339F4F12-5AE4-4C4B-932C-74BA1D4C47C3}.Release|Any CPU.ActiveCfg = Release|Any CPU
		{339F4F12-5AE4-4C4B-932C-74BA1D4C47C3}.Release|Any CPU.Build.0 = Release|Any CPU
		{339F4F12-5AE4-4C4B-932C-74BA1D4C47C3}.Release|ARM.ActiveCfg = Release|Any CPU
		{339F4F12-5AE4-4C4B-932C-74BA1D4C47C3}.Release|ARM.Build.0 = Release|Any CPU
		{339F4F12-5AE4-4C4B-932C-74BA1D4C47C3}.Release|iPhone.ActiveCfg = Release|Any CPU
		{339F4F12-5AE4-4C4B-932C-74BA1D4C47C3}.Release|iPhone.Build.0 = Release|Any CPU
		{339F4F12-5AE4-4C4B-932C-74BA1D4C47C3}.Release|iPhoneSimulator.ActiveCfg = Release|Any CPU
		{339F4F12-5AE4-4C4B-932C-74BA1D4C47C3}.Release|iPhoneSimulator.Build.0 = Release|Any CPU
		{339F4F12-5AE4-4C4B-932C-74BA1D4C47C3}.Release|x64.ActiveCfg = Release|Any CPU
		{339F4F12-5AE4-4C4B-932C-74BA1D4C47C3}.Release|x64.Build.0 = Release|Any CPU
		{339F4F12-5AE4-4C4B-932C-74BA1D4C47C3}.Release|x86.ActiveCfg = Release|Any CPU
		{339F4F12-5AE4-4C4B-932C-74BA1D4C47C3}.Release|x86.Build.0 = Release|Any CPU
	EndGlobalSection
	GlobalSection(SolutionProperties) = preSolution
		HideSolutionNode = FALSE
	EndGlobalSection
	GlobalSection(ExtensibilityGlobals) = postSolution
		SolutionGuid = {AF33B880-5971-4FE9-87D3-0FB3908A86A4}
	EndGlobalSection
EndGlobal
